
Microsoft Visual Studio Solution File, Format Version 12.00
# Visual Studio Version 17
VisualStudioVersion = 17.0.31903.59
MinimumVisualStudioVersion = 10.0.40219.1
Project("{FAE04EC0-301F-11D3-BF4B-00C04F79EFBC}") = "TiposDeDados001", "TiposDeDados001\TiposDeDados001.csproj", "{D0E624E8-9342-40BA-8BF4-DB6BD6887014}"
EndProject
Project("{FAE04EC0-301F-11D3-BF4B-00C04F79EFBC}") = "TiposDeDados002", "TipoDeDados002\TiposDeDados002.csproj", "{30FB348D-C779-4983-9E94-8E03B408B938}"
EndProject
Global
	GlobalSection(SolutionConfigurationPlatforms) = preSolution
		Debug|Any CPU = Debug|Any CPU
		Release|Any CPU = Release|Any CPU
	EndGlobalSection
	GlobalSection(ProjectConfigurationPlatforms) = postSolution
		{D0E624E8-9342-40BA-8BF4-DB6BD6887014}.Debug|Any CPU.ActiveCfg = Debug|Any CPU
		{D0E624E8-9342-40BA-8BF4-DB6BD6887014}.Debug|Any CPU.Build.0 = Debug|Any CPU
		{D0E624E8-9342-40BA-8BF4-DB6BD6887014}.Release|Any CPU.ActiveCfg = Release|Any CPU
		{D0E624E8-9342-40BA-8BF4-DB6BD6887014}.Release|Any CPU.Build.0 = Release|Any CPU
		{30FB348D-C779-4983-9E94-8E03B408B938}.Debug|Any CPU.ActiveCfg = Debug|Any CPU
		{30FB348D-C779-4983-9E94-8E03B408B938}.Debug|Any CPU.Build.0 = Debug|Any CPU
		{30FB348D-C779-4983-9E94-8E03B408B938}.Release|Any CPU.ActiveCfg = Release|Any CPU
		{30FB348D-C779-4983-9E94-8E03B408B938}.Release|Any CPU.Build.0 = Release|Any CPU
	EndGlobalSection
	GlobalSection(SolutionProperties) = preSolution
		HideSolutionNode = FALSE
	EndGlobalSection
	GlobalSection(ExtensibilityGlobals) = postSolution
		SolutionGuid = {E6BE2885-B1DC-4057-9E63-5E0EADE957F5}
	EndGlobalSection
EndGlobal
