
Microsoft Visual Studio Solution File, Format Version 12.00
# Visual Studio Version 17
VisualStudioVersion = 17.0.31903.59
MinimumVisualStudioVersion = 10.0.40219.1
Project("{FAE04EC0-301F-11D3-BF4B-00C04F79EFBC}") = "TiposDeDados001", "TiposDeDados001\TiposDeDados001.csproj", "{D0E624E8-9342-40BA-8BF4-DB6BD6887014}"
EndProject
Project("{FAE04EC0-301F-11D3-BF4B-00C04F79EFBC}") = "TiposDeDados002", "TipoDeDados002\TiposDeDados002.csproj", "{30FB348D-C779-4983-9E94-8E03B408B938}"
EndProject
Project("{FAE04EC0-301F-11D3-BF4B-00C04F79EFBC}") = "TiposDeDados003", "TiposDeDados003\TiposDeDados003.csproj", "{09F84B92-3E3A-4F70-A5C3-BD57AC1BE2F1}"
EndProject
Project("{FAE04EC0-301F-11D3-BF4B-00C04F79EFBC}") = "TiposDeDados004", "TiposDeDados004\TiposDeDados004.csproj", "{92D1A430-EBA3-451B-8D3B-94870FCC8A19}"
EndProject
Project("{FAE04EC0-301F-11D3-BF4B-00C04F79EFBC}") = "TiposDeDados005", "TiposDeDados005\TiposDeDados005.csproj", "{8EE52305-60B7-4908-9418-3E8CD83E0532}"
EndProject
Project("{FAE04EC0-301F-11D3-BF4B-00C04F79EFBC}") = "TiposDeDados006", "TiposDeDados006\TiposDeDados006.csproj", "{A75F5B43-84EA-43C3-B5A8-8821521BAA55}"
EndProject
Project("{FAE04EC0-301F-11D3-BF4B-00C04F79EFBC}") = "Identificadores", "Identificadores\Identificadores.csproj", "{C70A9628-9E00-40F2-B660-EEDE1B9B738A}"
EndProject
Project("{FAE04EC0-301F-11D3-BF4B-00C04F79EFBC}") = "Exercicios01", "Exercicios01\Exercicios01.csproj", "{7BA08FA1-7D0A-4392-9D1F-64C3C651D1E2}"
EndProject
Project("{FAE04EC0-301F-11D3-BF4B-00C04F79EFBC}") = "SaidaDados", "SaidaDados\SaidaDados.csproj", "{23EDD5DF-9507-49B6-A574-752F3FE275BB}"
EndProject
Project("{FAE04EC0-301F-11D3-BF4B-00C04F79EFBC}") = "SaidaDados2", "SaidaDados2\SaidaDados2.csproj", "{8B58F4E3-4EFF-4D95-9B43-381873C21C7A}"
EndProject
Project("{FAE04EC0-301F-11D3-BF4B-00C04F79EFBC}") = "ConversaoTipos01", "ConversaoTipos01\ConversaoTipos01.csproj", "{80DD420A-63B8-4D3D-89E1-5AB4AB6C3DB5}"
EndProject
Project("{FAE04EC0-301F-11D3-BF4B-00C04F79EFBC}") = "ConversaoTipos02", "ConversaoTipos02\ConversaoTipos02.csproj", "{9A470107-8850-42C0-BD01-64893C702C95}"
EndProject
Project("{FAE04EC0-301F-11D3-BF4B-00C04F79EFBC}") = "EntradaDeDados01", "EntradaDeDados01\EntradaDeDados01.csproj", "{2BC42A6F-F13A-4E5E-8688-71B4DEE21A0D}"
EndProject
Project("{FAE04EC0-301F-11D3-BF4B-00C04F79EFBC}") = "OperadoresAritmeticos", "OperadoresAritimeticos\OperadoresAritmeticos.csproj", "{0F57C071-0A98-4B23-8414-342D579ECC17}"
EndProject
Project("{FAE04EC0-301F-11D3-BF4B-00C04F79EFBC}") = "InferenciaDeTipos", "InferenciaDeTipos\InferenciaDeTipos.csproj", "{E2E9E1FC-E395-4B3F-9AA5-CC8ADC195A53}"
EndProject
Project("{FAE04EC0-301F-11D3-BF4B-00C04F79EFBC}") = "OperadoresAtribuicao01", "OperadoresAtribuicao01\OperadoresAtribuicao01.csproj", "{3412CDE6-0A50-48D5-9008-70AD32DFB543}"
EndProject
Project("{FAE04EC0-301F-11D3-BF4B-00C04F79EFBC}") = "Constantes01", "Constantes01\Constantes01.csproj", "{783D31BC-46E1-49D4-8167-6D4E11615263}"
EndProject
Project("{FAE04EC0-301F-11D3-BF4B-00C04F79EFBC}") = "OperadoresIncreDecre", "OperadoresIncreDecre\OperadoresIncreDecre.csproj", "{822DC6D9-6E92-496F-82C6-A9969E4AC300}"
EndProject
Project("{FAE04EC0-301F-11D3-BF4B-00C04F79EFBC}") = "OperadoresRelacionais01", "OperadoresRelacionais01\OperadoresRelacionais01.csproj", "{561F1353-1808-4A2B-B6FA-0705D9951742}"
EndProject
Project("{FAE04EC0-301F-11D3-BF4B-00C04F79EFBC}") = "OperadoresLogicos", "OperadoresLogicos\OperadoresLogicos.csproj", "{D582CF01-901B-4FAB-A91A-2588193B9E27}"
EndProject
Project("{FAE04EC0-301F-11D3-BF4B-00C04F79EFBC}") = "PrecendeciaOperadores", "PrecendeciaOperadores\PrecendeciaOperadores.csproj", "{5F9AB479-CE41-4F29-9C9A-A5F5FF4EB889}"
EndProject
Project("{FAE04EC0-301F-11D3-BF4B-00C04F79EFBC}") = "NullableReferencias", "NullableReferencias\NullableReferencias.csproj", "{0C2C9E9F-0019-4BB2-B168-A61015699561}"
EndProject
Project("{FAE04EC0-301F-11D3-BF4B-00C04F79EFBC}") = "OperadorTernario", "OperadorTernario\OperadorTernario.csproj", "{7EBDB78E-5056-438E-82DB-FA1E780A130E}"
EndProject
Project("{FAE04EC0-301F-11D3-BF4B-00C04F79EFBC}") = "Exercicios02", "Exercicios02\Exercicios02.csproj", "{3194859F-3C4F-462B-A2A0-C744A55C8793}"
EndProject
Global
	GlobalSection(SolutionConfigurationPlatforms) = preSolution
		Debug|Any CPU = Debug|Any CPU
		Release|Any CPU = Release|Any CPU
	EndGlobalSection
	GlobalSection(ProjectConfigurationPlatforms) = postSolution
		{D0E624E8-9342-40BA-8BF4-DB6BD6887014}.Debug|Any CPU.ActiveCfg = Debug|Any CPU
		{D0E624E8-9342-40BA-8BF4-DB6BD6887014}.Debug|Any CPU.Build.0 = Debug|Any CPU
		{D0E624E8-9342-40BA-8BF4-DB6BD6887014}.Release|Any CPU.ActiveCfg = Release|Any CPU
		{D0E624E8-9342-40BA-8BF4-DB6BD6887014}.Release|Any CPU.Build.0 = Release|Any CPU
		{30FB348D-C779-4983-9E94-8E03B408B938}.Debug|Any CPU.ActiveCfg = Debug|Any CPU
		{30FB348D-C779-4983-9E94-8E03B408B938}.Debug|Any CPU.Build.0 = Debug|Any CPU
		{30FB348D-C779-4983-9E94-8E03B408B938}.Release|Any CPU.ActiveCfg = Release|Any CPU
		{30FB348D-C779-4983-9E94-8E03B408B938}.Release|Any CPU.Build.0 = Release|Any CPU
		{09F84B92-3E3A-4F70-A5C3-BD57AC1BE2F1}.Debug|Any CPU.ActiveCfg = Debug|Any CPU
		{09F84B92-3E3A-4F70-A5C3-BD57AC1BE2F1}.Debug|Any CPU.Build.0 = Debug|Any CPU
		{09F84B92-3E3A-4F70-A5C3-BD57AC1BE2F1}.Release|Any CPU.ActiveCfg = Release|Any CPU
		{09F84B92-3E3A-4F70-A5C3-BD57AC1BE2F1}.Release|Any CPU.Build.0 = Release|Any CPU
		{92D1A430-EBA3-451B-8D3B-94870FCC8A19}.Debug|Any CPU.ActiveCfg = Debug|Any CPU
		{92D1A430-EBA3-451B-8D3B-94870FCC8A19}.Debug|Any CPU.Build.0 = Debug|Any CPU
		{92D1A430-EBA3-451B-8D3B-94870FCC8A19}.Release|Any CPU.ActiveCfg = Release|Any CPU
		{92D1A430-EBA3-451B-8D3B-94870FCC8A19}.Release|Any CPU.Build.0 = Release|Any CPU
		{8EE52305-60B7-4908-9418-3E8CD83E0532}.Debug|Any CPU.ActiveCfg = Debug|Any CPU
		{8EE52305-60B7-4908-9418-3E8CD83E0532}.Debug|Any CPU.Build.0 = Debug|Any CPU
		{8EE52305-60B7-4908-9418-3E8CD83E0532}.Release|Any CPU.ActiveCfg = Release|Any CPU
		{8EE52305-60B7-4908-9418-3E8CD83E0532}.Release|Any CPU.Build.0 = Release|Any CPU
		{A75F5B43-84EA-43C3-B5A8-8821521BAA55}.Debug|Any CPU.ActiveCfg = Debug|Any CPU
		{A75F5B43-84EA-43C3-B5A8-8821521BAA55}.Debug|Any CPU.Build.0 = Debug|Any CPU
		{A75F5B43-84EA-43C3-B5A8-8821521BAA55}.Release|Any CPU.ActiveCfg = Release|Any CPU
		{A75F5B43-84EA-43C3-B5A8-8821521BAA55}.Release|Any CPU.Build.0 = Release|Any CPU
		{C70A9628-9E00-40F2-B660-EEDE1B9B738A}.Debug|Any CPU.ActiveCfg = Debug|Any CPU
		{C70A9628-9E00-40F2-B660-EEDE1B9B738A}.Debug|Any CPU.Build.0 = Debug|Any CPU
		{C70A9628-9E00-40F2-B660-EEDE1B9B738A}.Release|Any CPU.ActiveCfg = Release|Any CPU
		{C70A9628-9E00-40F2-B660-EEDE1B9B738A}.Release|Any CPU.Build.0 = Release|Any CPU
		{7BA08FA1-7D0A-4392-9D1F-64C3C651D1E2}.Debug|Any CPU.ActiveCfg = Debug|Any CPU
		{7BA08FA1-7D0A-4392-9D1F-64C3C651D1E2}.Debug|Any CPU.Build.0 = Debug|Any CPU
		{7BA08FA1-7D0A-4392-9D1F-64C3C651D1E2}.Release|Any CPU.ActiveCfg = Release|Any CPU
		{7BA08FA1-7D0A-4392-9D1F-64C3C651D1E2}.Release|Any CPU.Build.0 = Release|Any CPU
		{23EDD5DF-9507-49B6-A574-752F3FE275BB}.Debug|Any CPU.ActiveCfg = Debug|Any CPU
		{23EDD5DF-9507-49B6-A574-752F3FE275BB}.Debug|Any CPU.Build.0 = Debug|Any CPU
		{23EDD5DF-9507-49B6-A574-752F3FE275BB}.Release|Any CPU.ActiveCfg = Release|Any CPU
		{23EDD5DF-9507-49B6-A574-752F3FE275BB}.Release|Any CPU.Build.0 = Release|Any CPU
		{8B58F4E3-4EFF-4D95-9B43-381873C21C7A}.Debug|Any CPU.ActiveCfg = Debug|Any CPU
		{8B58F4E3-4EFF-4D95-9B43-381873C21C7A}.Debug|Any CPU.Build.0 = Debug|Any CPU
		{8B58F4E3-4EFF-4D95-9B43-381873C21C7A}.Release|Any CPU.ActiveCfg = Release|Any CPU
		{8B58F4E3-4EFF-4D95-9B43-381873C21C7A}.Release|Any CPU.Build.0 = Release|Any CPU
		{80DD420A-63B8-4D3D-89E1-5AB4AB6C3DB5}.Debug|Any CPU.ActiveCfg = Debug|Any CPU
		{80DD420A-63B8-4D3D-89E1-5AB4AB6C3DB5}.Debug|Any CPU.Build.0 = Debug|Any CPU
		{80DD420A-63B8-4D3D-89E1-5AB4AB6C3DB5}.Release|Any CPU.ActiveCfg = Release|Any CPU
		{80DD420A-63B8-4D3D-89E1-5AB4AB6C3DB5}.Release|Any CPU.Build.0 = Release|Any CPU
		{9A470107-8850-42C0-BD01-64893C702C95}.Debug|Any CPU.ActiveCfg = Debug|Any CPU
		{9A470107-8850-42C0-BD01-64893C702C95}.Debug|Any CPU.Build.0 = Debug|Any CPU
		{9A470107-8850-42C0-BD01-64893C702C95}.Release|Any CPU.ActiveCfg = Release|Any CPU
		{9A470107-8850-42C0-BD01-64893C702C95}.Release|Any CPU.Build.0 = Release|Any CPU
		{2BC42A6F-F13A-4E5E-8688-71B4DEE21A0D}.Debug|Any CPU.ActiveCfg = Debug|Any CPU
		{2BC42A6F-F13A-4E5E-8688-71B4DEE21A0D}.Debug|Any CPU.Build.0 = Debug|Any CPU
		{2BC42A6F-F13A-4E5E-8688-71B4DEE21A0D}.Release|Any CPU.ActiveCfg = Release|Any CPU
		{2BC42A6F-F13A-4E5E-8688-71B4DEE21A0D}.Release|Any CPU.Build.0 = Release|Any CPU
		{0F57C071-0A98-4B23-8414-342D579ECC17}.Debug|Any CPU.ActiveCfg = Debug|Any CPU
		{0F57C071-0A98-4B23-8414-342D579ECC17}.Debug|Any CPU.Build.0 = Debug|Any CPU
		{0F57C071-0A98-4B23-8414-342D579ECC17}.Release|Any CPU.ActiveCfg = Release|Any CPU
		{0F57C071-0A98-4B23-8414-342D579ECC17}.Release|Any CPU.Build.0 = Release|Any CPU
		{E2E9E1FC-E395-4B3F-9AA5-CC8ADC195A53}.Debug|Any CPU.ActiveCfg = Debug|Any CPU
		{E2E9E1FC-E395-4B3F-9AA5-CC8ADC195A53}.Debug|Any CPU.Build.0 = Debug|Any CPU
		{E2E9E1FC-E395-4B3F-9AA5-CC8ADC195A53}.Release|Any CPU.ActiveCfg = Release|Any CPU
		{E2E9E1FC-E395-4B3F-9AA5-CC8ADC195A53}.Release|Any CPU.Build.0 = Release|Any CPU
		{3412CDE6-0A50-48D5-9008-70AD32DFB543}.Debug|Any CPU.ActiveCfg = Debug|Any CPU
		{3412CDE6-0A50-48D5-9008-70AD32DFB543}.Debug|Any CPU.Build.0 = Debug|Any CPU
		{3412CDE6-0A50-48D5-9008-70AD32DFB543}.Release|Any CPU.ActiveCfg = Release|Any CPU
		{3412CDE6-0A50-48D5-9008-70AD32DFB543}.Release|Any CPU.Build.0 = Release|Any CPU
		{783D31BC-46E1-49D4-8167-6D4E11615263}.Debug|Any CPU.ActiveCfg = Debug|Any CPU
		{783D31BC-46E1-49D4-8167-6D4E11615263}.Debug|Any CPU.Build.0 = Debug|Any CPU
		{783D31BC-46E1-49D4-8167-6D4E11615263}.Release|Any CPU.ActiveCfg = Release|Any CPU
		{783D31BC-46E1-49D4-8167-6D4E11615263}.Release|Any CPU.Build.0 = Release|Any CPU
		{822DC6D9-6E92-496F-82C6-A9969E4AC300}.Debug|Any CPU.ActiveCfg = Debug|Any CPU
		{822DC6D9-6E92-496F-82C6-A9969E4AC300}.Debug|Any CPU.Build.0 = Debug|Any CPU
		{822DC6D9-6E92-496F-82C6-A9969E4AC300}.Release|Any CPU.ActiveCfg = Release|Any CPU
		{822DC6D9-6E92-496F-82C6-A9969E4AC300}.Release|Any CPU.Build.0 = Release|Any CPU
		{561F1353-1808-4A2B-B6FA-0705D9951742}.Debug|Any CPU.ActiveCfg = Debug|Any CPU
		{561F1353-1808-4A2B-B6FA-0705D9951742}.Debug|Any CPU.Build.0 = Debug|Any CPU
		{561F1353-1808-4A2B-B6FA-0705D9951742}.Release|Any CPU.ActiveCfg = Release|Any CPU
		{561F1353-1808-4A2B-B6FA-0705D9951742}.Release|Any CPU.Build.0 = Release|Any CPU
		{D582CF01-901B-4FAB-A91A-2588193B9E27}.Debug|Any CPU.ActiveCfg = Debug|Any CPU
		{D582CF01-901B-4FAB-A91A-2588193B9E27}.Debug|Any CPU.Build.0 = Debug|Any CPU
		{D582CF01-901B-4FAB-A91A-2588193B9E27}.Release|Any CPU.ActiveCfg = Release|Any CPU
		{D582CF01-901B-4FAB-A91A-2588193B9E27}.Release|Any CPU.Build.0 = Release|Any CPU
		{5F9AB479-CE41-4F29-9C9A-A5F5FF4EB889}.Debug|Any CPU.ActiveCfg = Debug|Any CPU
		{5F9AB479-CE41-4F29-9C9A-A5F5FF4EB889}.Debug|Any CPU.Build.0 = Debug|Any CPU
		{5F9AB479-CE41-4F29-9C9A-A5F5FF4EB889}.Release|Any CPU.ActiveCfg = Release|Any CPU
		{5F9AB479-CE41-4F29-9C9A-A5F5FF4EB889}.Release|Any CPU.Build.0 = Release|Any CPU
		{0C2C9E9F-0019-4BB2-B168-A61015699561}.Debug|Any CPU.ActiveCfg = Debug|Any CPU
		{0C2C9E9F-0019-4BB2-B168-A61015699561}.Debug|Any CPU.Build.0 = Debug|Any CPU
		{0C2C9E9F-0019-4BB2-B168-A61015699561}.Release|Any CPU.ActiveCfg = Release|Any CPU
		{0C2C9E9F-0019-4BB2-B168-A61015699561}.Release|Any CPU.Build.0 = Release|Any CPU
		{7EBDB78E-5056-438E-82DB-FA1E780A130E}.Debug|Any CPU.ActiveCfg = Debug|Any CPU
		{7EBDB78E-5056-438E-82DB-FA1E780A130E}.Debug|Any CPU.Build.0 = Debug|Any CPU
		{7EBDB78E-5056-438E-82DB-FA1E780A130E}.Release|Any CPU.ActiveCfg = Release|Any CPU
		{7EBDB78E-5056-438E-82DB-FA1E780A130E}.Release|Any CPU.Build.0 = Release|Any CPU
		{3194859F-3C4F-462B-A2A0-C744A55C8793}.Debug|Any CPU.ActiveCfg = Debug|Any CPU
		{3194859F-3C4F-462B-A2A0-C744A55C8793}.Debug|Any CPU.Build.0 = Debug|Any CPU
		{3194859F-3C4F-462B-A2A0-C744A55C8793}.Release|Any CPU.ActiveCfg = Release|Any CPU
		{3194859F-3C4F-462B-A2A0-C744A55C8793}.Release|Any CPU.Build.0 = Release|Any CPU
	EndGlobalSection
	GlobalSection(SolutionProperties) = preSolution
		HideSolutionNode = FALSE
	EndGlobalSection
	GlobalSection(ExtensibilityGlobals) = postSolution
		SolutionGuid = {E6BE2885-B1DC-4057-9E63-5E0EADE957F5}
	EndGlobalSection
EndGlobal
