
Microsoft Visual Studio Solution File, Format Version 12.00
# Visual Studio Version 17
VisualStudioVersion = 17.14.36414.22
MinimumVisualStudioVersion = 10.0.40219.1
Project("{FAE04EC0-301F-11D3-BF4B-00C04F79EFBC}") = "001-Estruturas_IF", "EstruturasIF\001-Estruturas_IF.csproj", "{4126C74A-584C-47C2-8CE2-5A583FDF5CE6}"
EndProject
Project("{FAE04EC0-301F-11D3-BF4B-00C04F79EFBC}") = "002-Estruturas_If_Else", "002-EstruturasIFELSE\002-Estruturas_If_Else.csproj", "{6D9B7688-BBD8-4849-8AF8-52DB6A912BE8}"
EndProject
Project("{FAE04EC0-301F-11D3-BF4B-00C04F79EFBC}") = "003-Estruturas_If_Else_If", "003-Estruturas_If_Else_If\003-Estruturas_If_Else_If.csproj", "{773B98BF-AB40-445C-93EA-FA25E6BAC82B}"
EndProject
Project("{FAE04EC0-301F-11D3-BF4B-00C04F79EFBC}") = "004-switch", "0004-switch\004-switch.csproj", "{69179469-70DE-4BB3-A854-65ED78F1F898}"
EndProject
Project("{FAE04EC0-301F-11D3-BF4B-00C04F79EFBC}") = "005-switch", "005-switch\005-switch.csproj", "{9E8FC031-EF8E-490E-A63D-E8CA89255C37}"
EndProject
Project("{FAE04EC0-301F-11D3-BF4B-00C04F79EFBC}") = "006-go-to", "go_to\006-go-to.csproj", "{83A3B00A-8033-41AA-A192-663BA2AD6BBF}"
EndProject
Project("{FAE04EC0-301F-11D3-BF4B-00C04F79EFBC}") = "007-while", "007-while\007-while.csproj", "{5E0AA76A-8D40-45AF-8938-3FD72E7C7300}"
EndProject
Project("{FAE04EC0-301F-11D3-BF4B-00C04F79EFBC}") = "008-while", "008-while\008-while.csproj", "{E5556A8B-B512-4C0D-A67C-089A6405775E}"
EndProject
Project("{FAE04EC0-301F-11D3-BF4B-00C04F79EFBC}") = "009-do-while", "009-do-while\009-do-while.csproj", "{77D1280B-383C-4F4D-BB57-629144181C96}"
EndProject
Project("{FAE04EC0-301F-11D3-BF4B-00C04F79EFBC}") = "010-for", "010-for\010-for.csproj", "{4E15AA51-35D3-4509-9352-6ABEE1E60A0B}"
EndProject
Project("{FAE04EC0-301F-11D3-BF4B-00C04F79EFBC}") = "011-for", "011-for\011-for.csproj", "{51F10445-5530-4C58-9F2C-954975DEF87A}"
EndProject
Project("{FAE04EC0-301F-11D3-BF4B-00C04F79EFBC}") = "012-break_continue", "012-break_continue\012-break_continue.csproj", "{45B797E8-6C99-4E87-A2AE-BA15C5A2041A}"
EndProject
Project("{FAE04EC0-301F-11D3-BF4B-00C04F79EFBC}") = "013-exercicios", "013-exercicios\013-exercicios.csproj", "{66A68F73-4A44-4A4C-9777-23786E742099}"
EndProject
Global
	GlobalSection(SolutionConfigurationPlatforms) = preSolution
		Debug|Any CPU = Debug|Any CPU
		Release|Any CPU = Release|Any CPU
	EndGlobalSection
	GlobalSection(ProjectConfigurationPlatforms) = postSolution
		{4126C74A-584C-47C2-8CE2-5A583FDF5CE6}.Debug|Any CPU.ActiveCfg = Debug|Any CPU
		{4126C74A-584C-47C2-8CE2-5A583FDF5CE6}.Debug|Any CPU.Build.0 = Debug|Any CPU
		{4126C74A-584C-47C2-8CE2-5A583FDF5CE6}.Release|Any CPU.ActiveCfg = Release|Any CPU
		{4126C74A-584C-47C2-8CE2-5A583FDF5CE6}.Release|Any CPU.Build.0 = Release|Any CPU
		{6D9B7688-BBD8-4849-8AF8-52DB6A912BE8}.Debug|Any CPU.ActiveCfg = Debug|Any CPU
		{6D9B7688-BBD8-4849-8AF8-52DB6A912BE8}.Debug|Any CPU.Build.0 = Debug|Any CPU
		{6D9B7688-BBD8-4849-8AF8-52DB6A912BE8}.Release|Any CPU.ActiveCfg = Release|Any CPU
		{6D9B7688-BBD8-4849-8AF8-52DB6A912BE8}.Release|Any CPU.Build.0 = Release|Any CPU
		{773B98BF-AB40-445C-93EA-FA25E6BAC82B}.Debug|Any CPU.ActiveCfg = Debug|Any CPU
		{773B98BF-AB40-445C-93EA-FA25E6BAC82B}.Debug|Any CPU.Build.0 = Debug|Any CPU
		{773B98BF-AB40-445C-93EA-FA25E6BAC82B}.Release|Any CPU.ActiveCfg = Release|Any CPU
		{773B98BF-AB40-445C-93EA-FA25E6BAC82B}.Release|Any CPU.Build.0 = Release|Any CPU
		{69179469-70DE-4BB3-A854-65ED78F1F898}.Debug|Any CPU.ActiveCfg = Debug|Any CPU
		{69179469-70DE-4BB3-A854-65ED78F1F898}.Debug|Any CPU.Build.0 = Debug|Any CPU
		{69179469-70DE-4BB3-A854-65ED78F1F898}.Release|Any CPU.ActiveCfg = Release|Any CPU
		{69179469-70DE-4BB3-A854-65ED78F1F898}.Release|Any CPU.Build.0 = Release|Any CPU
		{9E8FC031-EF8E-490E-A63D-E8CA89255C37}.Debug|Any CPU.ActiveCfg = Debug|Any CPU
		{9E8FC031-EF8E-490E-A63D-E8CA89255C37}.Debug|Any CPU.Build.0 = Debug|Any CPU
		{9E8FC031-EF8E-490E-A63D-E8CA89255C37}.Release|Any CPU.ActiveCfg = Release|Any CPU
		{9E8FC031-EF8E-490E-A63D-E8CA89255C37}.Release|Any CPU.Build.0 = Release|Any CPU
		{83A3B00A-8033-41AA-A192-663BA2AD6BBF}.Debug|Any CPU.ActiveCfg = Debug|Any CPU
		{83A3B00A-8033-41AA-A192-663BA2AD6BBF}.Debug|Any CPU.Build.0 = Debug|Any CPU
		{83A3B00A-8033-41AA-A192-663BA2AD6BBF}.Release|Any CPU.ActiveCfg = Release|Any CPU
		{83A3B00A-8033-41AA-A192-663BA2AD6BBF}.Release|Any CPU.Build.0 = Release|Any CPU
		{5E0AA76A-8D40-45AF-8938-3FD72E7C7300}.Debug|Any CPU.ActiveCfg = Debug|Any CPU
		{5E0AA76A-8D40-45AF-8938-3FD72E7C7300}.Debug|Any CPU.Build.0 = Debug|Any CPU
		{5E0AA76A-8D40-45AF-8938-3FD72E7C7300}.Release|Any CPU.ActiveCfg = Release|Any CPU
		{5E0AA76A-8D40-45AF-8938-3FD72E7C7300}.Release|Any CPU.Build.0 = Release|Any CPU
		{E5556A8B-B512-4C0D-A67C-089A6405775E}.Debug|Any CPU.ActiveCfg = Debug|Any CPU
		{E5556A8B-B512-4C0D-A67C-089A6405775E}.Debug|Any CPU.Build.0 = Debug|Any CPU
		{E5556A8B-B512-4C0D-A67C-089A6405775E}.Release|Any CPU.ActiveCfg = Release|Any CPU
		{E5556A8B-B512-4C0D-A67C-089A6405775E}.Release|Any CPU.Build.0 = Release|Any CPU
		{77D1280B-383C-4F4D-BB57-629144181C96}.Debug|Any CPU.ActiveCfg = Debug|Any CPU
		{77D1280B-383C-4F4D-BB57-629144181C96}.Debug|Any CPU.Build.0 = Debug|Any CPU
		{77D1280B-383C-4F4D-BB57-629144181C96}.Release|Any CPU.ActiveCfg = Release|Any CPU
		{77D1280B-383C-4F4D-BB57-629144181C96}.Release|Any CPU.Build.0 = Release|Any CPU
		{4E15AA51-35D3-4509-9352-6ABEE1E60A0B}.Debug|Any CPU.ActiveCfg = Debug|Any CPU
		{4E15AA51-35D3-4509-9352-6ABEE1E60A0B}.Debug|Any CPU.Build.0 = Debug|Any CPU
		{4E15AA51-35D3-4509-9352-6ABEE1E60A0B}.Release|Any CPU.ActiveCfg = Release|Any CPU
		{4E15AA51-35D3-4509-9352-6ABEE1E60A0B}.Release|Any CPU.Build.0 = Release|Any CPU
		{51F10445-5530-4C58-9F2C-954975DEF87A}.Debug|Any CPU.ActiveCfg = Debug|Any CPU
		{51F10445-5530-4C58-9F2C-954975DEF87A}.Debug|Any CPU.Build.0 = Debug|Any CPU
		{51F10445-5530-4C58-9F2C-954975DEF87A}.Release|Any CPU.ActiveCfg = Release|Any CPU
		{51F10445-5530-4C58-9F2C-954975DEF87A}.Release|Any CPU.Build.0 = Release|Any CPU
		{45B797E8-6C99-4E87-A2AE-BA15C5A2041A}.Debug|Any CPU.ActiveCfg = Debug|Any CPU
		{45B797E8-6C99-4E87-A2AE-BA15C5A2041A}.Debug|Any CPU.Build.0 = Debug|Any CPU
		{45B797E8-6C99-4E87-A2AE-BA15C5A2041A}.Release|Any CPU.ActiveCfg = Release|Any CPU
		{45B797E8-6C99-4E87-A2AE-BA15C5A2041A}.Release|Any CPU.Build.0 = Release|Any CPU
		{66A68F73-4A44-4A4C-9777-23786E742099}.Debug|Any CPU.ActiveCfg = Debug|Any CPU
		{66A68F73-4A44-4A4C-9777-23786E742099}.Debug|Any CPU.Build.0 = Debug|Any CPU
		{66A68F73-4A44-4A4C-9777-23786E742099}.Release|Any CPU.ActiveCfg = Release|Any CPU
		{66A68F73-4A44-4A4C-9777-23786E742099}.Release|Any CPU.Build.0 = Release|Any CPU
	EndGlobalSection
	GlobalSection(SolutionProperties) = preSolution
		HideSolutionNode = FALSE
	EndGlobalSection
	GlobalSection(ExtensibilityGlobals) = postSolution
		SolutionGuid = {1E55A1C8-FC85-4DA4-916A-D7D1498072AD}
	EndGlobalSection
EndGlobal
