
Microsoft Visual Studio Solution File, Format Version 12.00
# Visual Studio Version 17
VisualStudioVersion = 17.14.36414.22 d17.14
MinimumVisualStudioVersion = 10.0.40219.1
Project("{FAE04EC0-301F-11D3-BF4B-00C04F79EFBC}") = "001-classes-objetos", "001-classes-objetos\001-classes-objetos.csproj", "{DEC720BE-B532-4813-AAAD-93DE174FE04E}"
EndProject
Project("{FAE04EC0-301F-11D3-BF4B-00C04F79EFBC}") = "002-alocacao_memoria", "002-alocacao_memoria\002-alocacao_memoria.csproj", "{781C3F6D-E2EF-4145-835C-76BCDD35FE0A}"
EndProject
Project("{FAE04EC0-301F-11D3-BF4B-00C04F79EFBC}") = "003-objetos", "003-objetos\003-objetos.csproj", "{EB7FC47C-0293-44EC-8250-073D77933C8F}"
EndProject
Project("{FAE04EC0-301F-11D3-BF4B-00C04F79EFBC}") = "004-metodos", "004-metodos\004-metodos.csproj", "{6BCD7F85-C79F-4E5A-A834-D047BF993048}"
EndProject
Global
	GlobalSection(SolutionConfigurationPlatforms) = preSolution
		Debug|Any CPU = Debug|Any CPU
		Release|Any CPU = Release|Any CPU
	EndGlobalSection
	GlobalSection(ProjectConfigurationPlatforms) = postSolution
		{DEC720BE-B532-4813-AAAD-93DE174FE04E}.Debug|Any CPU.ActiveCfg = Debug|Any CPU
		{DEC720BE-B532-4813-AAAD-93DE174FE04E}.Debug|Any CPU.Build.0 = Debug|Any CPU
		{DEC720BE-B532-4813-AAAD-93DE174FE04E}.Release|Any CPU.ActiveCfg = Release|Any CPU
		{DEC720BE-B532-4813-AAAD-93DE174FE04E}.Release|Any CPU.Build.0 = Release|Any CPU
		{781C3F6D-E2EF-4145-835C-76BCDD35FE0A}.Debug|Any CPU.ActiveCfg = Debug|Any CPU
		{781C3F6D-E2EF-4145-835C-76BCDD35FE0A}.Debug|Any CPU.Build.0 = Debug|Any CPU
		{781C3F6D-E2EF-4145-835C-76BCDD35FE0A}.Release|Any CPU.ActiveCfg = Release|Any CPU
		{781C3F6D-E2EF-4145-835C-76BCDD35FE0A}.Release|Any CPU.Build.0 = Release|Any CPU
		{EB7FC47C-0293-44EC-8250-073D77933C8F}.Debug|Any CPU.ActiveCfg = Debug|Any CPU
		{EB7FC47C-0293-44EC-8250-073D77933C8F}.Debug|Any CPU.Build.0 = Debug|Any CPU
		{EB7FC47C-0293-44EC-8250-073D77933C8F}.Release|Any CPU.ActiveCfg = Release|Any CPU
		{EB7FC47C-0293-44EC-8250-073D77933C8F}.Release|Any CPU.Build.0 = Release|Any CPU
		{6BCD7F85-C79F-4E5A-A834-D047BF993048}.Debug|Any CPU.ActiveCfg = Debug|Any CPU
		{6BCD7F85-C79F-4E5A-A834-D047BF993048}.Debug|Any CPU.Build.0 = Debug|Any CPU
		{6BCD7F85-C79F-4E5A-A834-D047BF993048}.Release|Any CPU.ActiveCfg = Release|Any CPU
		{6BCD7F85-C79F-4E5A-A834-D047BF993048}.Release|Any CPU.Build.0 = Release|Any CPU
	EndGlobalSection
	GlobalSection(SolutionProperties) = preSolution
		HideSolutionNode = FALSE
	EndGlobalSection
	GlobalSection(ExtensibilityGlobals) = postSolution
		SolutionGuid = {27084FE0-CB43-4A9F-A7F0-C9D58C7264CD}
	EndGlobalSection
EndGlobal
